
Microsoft Visual Studio Solution File, Format Version 12.00
# Visual Studio 15
VisualStudioVersion = 15.0.28010.2050
MinimumVisualStudioVersion = 10.0.40219.1
Project("{FAE04EC0-301F-11D3-BF4B-00C04F79EFBC}") = "Quiz", "Quiz\Quiz.csproj", "{09FCAE5D-2849-403C-83E9-1F87A4BEA9F2}"
EndProject
Global
	GlobalSection(SolutionConfigurationPlatforms) = preSolution
		Debug|Any CPU = Debug|Any CPU
		Release|Any CPU = Release|Any CPU
	EndGlobalSection
	GlobalSection(ProjectConfigurationPlatforms) = postSolution
		{09FCAE5D-2849-403C-83E9-1F87A4BEA9F2}.Debug|Any CPU.ActiveCfg = Debug|Any CPU
		{09FCAE5D-2849-403C-83E9-1F87A4BEA9F2}.Debug|Any CPU.Build.0 = Debug|Any CPU
		{09FCAE5D-2849-403C-83E9-1F87A4BEA9F2}.Release|Any CPU.ActiveCfg = Release|Any CPU
		{09FCAE5D-2849-403C-83E9-1F87A4BEA9F2}.Release|Any CPU.Build.0 = Release|Any CPU
	EndGlobalSection
	GlobalSection(SolutionProperties) = preSolution
		HideSolutionNode = FALSE
	EndGlobalSection
	GlobalSection(ExtensibilityGlobals) = postSolution
		SolutionGuid = {19666FF7-E037-418C-913B-74DBD4F78C56}
	EndGlobalSection
EndGlobal
